// !$*UTF8*$!
{
	archiveVersion = 1;
	classes = {
	};
	objectVersion = 46;
	objects = {

/* Begin PBXBuildFile section */
		B38EE5001B77584200D96223 /* main.m in Sources */ = {isa = PBXBuildFile; fileRef = B38EE4FF1B77584200D96223 /* main.m */; };
		B38EE5031B77584200D96223 /* AppDelegate.m in Sources */ = {isa = PBXBuildFile; fileRef = B38EE5021B77584200D96223 /* AppDelegate.m */; };
		B38EE5061B77584200D96223 /* ViewController.m in Sources */ = {isa = PBXBuildFile; fileRef = B38EE5051B77584200D96223 /* ViewController.m */; };
		B38EE5091B77584200D96223 /* Main.storyboard in Resources */ = {isa = PBXBuildFile; fileRef = B38EE5071B77584200D96223 /* Main.storyboard */; };
		B38EE50B1B77584200D96223 /* Images.xcassets in Resources */ = {isa = PBXBuildFile; fileRef = B38EE50A1B77584200D96223 /* Images.xcassets */; };
		B38EE50E1B77584200D96223 /* LaunchScreen.xib in Resources */ = {isa = PBXBuildFile; fileRef = B38EE50C1B77584200D96223 /* LaunchScreen.xib */; };
		B38EE51A1B77584200D96223 /* PanListViewTests.m in Sources */ = {isa = PBXBuildFile; fileRef = B38EE5191B77584200D96223 /* PanListViewTests.m */; };
		B38EE5251B77662E00D96223 /* PanListView.m in Sources */ = {isa = PBXBuildFile; fileRef = B38EE5241B77662E00D96223 /* PanListView.m */; };
		B38EE5271B778B3D00D96223 /* PanListView.xib in Resources */ = {isa = PBXBuildFile; fileRef = B38EE5261B778B3D00D96223 /* PanListView.xib */; };
/* End PBXBuildFile section */

/* Begin PBXContainerItemProxy section */
		B38EE5141B77584200D96223 /* PBXContainerItemProxy */ = {
			isa = PBXContainerItemProxy;
			containerPortal = B38EE4F21B77584100D96223 /* Project object */;
			proxyType = 1;
			remoteGlobalIDString = B38EE4F91B77584200D96223;
			remoteInfo = PanListView;
		};
/* End PBXContainerItemProxy section */

/* Begin PBXFileReference section */
		B38EE4FA1B77584200D96223 /* PanListView.app */ = {isa = PBXFileReference; explicitFileType = wrapper.application; includeInIndex = 0; path = PanListView.app; sourceTree = BUILT_PRODUCTS_DIR; };
		B38EE4FE1B77584200D96223 /* Info.plist */ = {isa = PBXFileReference; lastKnownFileType = text.plist.xml; path = Info.plist; sourceTree = "<group>"; };
		B38EE4FF1B77584200D96223 /* main.m */ = {isa = PBXFileReference; lastKnownFileType = sourcecode.c.objc; path = main.m; sourceTree = "<group>"; };
		B38EE5011B77584200D96223 /* AppDelegate.h */ = {isa = PBXFileReference; lastKnownFileType = sourcecode.c.h; path = AppDelegate.h; sourceTree = "<group>"; };
		B38EE5021B77584200D96223 /* AppDelegate.m */ = {isa = PBXFileReference; lastKnownFileType = sourcecode.c.objc; path = AppDelegate.m; sourceTree = "<group>"; };
		B38EE5041B77584200D96223 /* ViewController.h */ = {isa = PBXFileReference; lastKnownFileType = sourcecode.c.h; path = ViewController.h; sourceTree = "<group>"; };
		B38EE5051B77584200D96223 /* ViewController.m */ = {isa = PBXFileReference; lastKnownFileType = sourcecode.c.objc; path = ViewController.m; sourceTree = "<group>"; };
		B38EE5081B77584200D96223 /* Base */ = {isa = PBXFileReference; lastKnownFileType = file.storyboard; name = Base; path = Base.lproj/Main.storyboard; sourceTree = "<group>"; };
		B38EE50A1B77584200D96223 /* Images.xcassets */ = {isa = PBXFileReference; lastKnownFileType = folder.assetcatalog; path = Images.xcassets; sourceTree = "<group>"; };
		B38EE50D1B77584200D96223 /* Base */ = {isa = PBXFileReference; lastKnownFileType = file.xib; name = Base; path = Base.lproj/LaunchScreen.xib; sourceTree = "<group>"; };
		B38EE5131B77584200D96223 /* PanListViewTests.xctest */ = {isa = PBXFileReference; explicitFileType = wrapper.cfbundle; includeInIndex = 0; path = PanListViewTests.xctest; sourceTree = BUILT_PRODUCTS_DIR; };
		B38EE5181B77584200D96223 /* Info.plist */ = {isa = PBXFileReference; lastKnownFileType = text.plist.xml; path = Info.plist; sourceTree = "<group>"; };
		B38EE5191B77584200D96223 /* PanListViewTests.m */ = {isa = PBXFileReference; lastKnownFileType = sourcecode.c.objc; path = PanListViewTests.m; sourceTree = "<group>"; };
		B38EE5231B77662E00D96223 /* PanListView.h */ = {isa = PBXFileReference; fileEncoding = 4; lastKnownFileType = sourcecode.c.h; path = PanListView.h; sourceTree = "<group>"; };
		B38EE5241B77662E00D96223 /* PanListView.m */ = {isa = PBXFileReference; fileEncoding = 4; lastKnownFileType = sourcecode.c.objc; path = PanListView.m; sourceTree = "<group>"; };
		B38EE5261B778B3D00D96223 /* PanListView.xib */ = {isa = PBXFileReference; fileEncoding = 4; lastKnownFileType = file.xib; path = PanListView.xib; sourceTree = "<group>"; };
/* End PBXFileReference section */

/* Begin PBXFrameworksBuildPhase section */
		B38EE4F71B77584200D96223 /* Frameworks */ = {
			isa = PBXFrameworksBuildPhase;
			buildActionMask = 2147483647;
			files = (
			);
			runOnlyForDeploymentPostprocessing = 0;
		};
		B38EE5101B77584200D96223 /* Frameworks */ = {
			isa = PBXFrameworksBuildPhase;
			buildActionMask = 2147483647;
			files = (
			);
			runOnlyForDeploymentPostprocessing = 0;
		};
/* End PBXFrameworksBuildPhase section */

/* Begin PBXGroup section */
		B38EE4F11B77584100D96223 = {
			isa = PBXGroup;
			children = (
				B38EE4FC1B77584200D96223 /* PanListView */,
				B38EE5161B77584200D96223 /* PanListViewTests */,
				B38EE4FB1B77584200D96223 /* Products */,
			);
			sourceTree = "<group>";
		};
		B38EE4FB1B77584200D96223 /* Products */ = {
			isa = PBXGroup;
			children = (
				B38EE4FA1B77584200D96223 /* PanListView.app */,
				B38EE5131B77584200D96223 /* PanListViewTests.xctest */,
			);
			name = Products;
			sourceTree = "<group>";
		};
		B38EE4FC1B77584200D96223 /* PanListView */ = {
			isa = PBXGroup;
			children = (
				B38EE5011B77584200D96223 /* AppDelegate.h */,
				B38EE5021B77584200D96223 /* AppDelegate.m */,
				B38EE5041B77584200D96223 /* ViewController.h */,
				B38EE5051B77584200D96223 /* ViewController.m */,
				B38EE5071B77584200D96223 /* Main.storyboard */,
				B38EE50A1B77584200D96223 /* Images.xcassets */,
				B38EE50C1B77584200D96223 /* LaunchScreen.xib */,
				B38EE4FD1B77584200D96223 /* Supporting Files */,
				B38EE5231B77662E00D96223 /* PanListView.h */,
				B38EE5241B77662E00D96223 /* PanListView.m */,
				B38EE5261B778B3D00D96223 /* PanListView.xib */,
			);
			path = PanListView;
			sourceTree = "<group>";
		};
		B38EE4FD1B77584200D96223 /* Supporting Files */ = {
			isa = PBXGroup;
			children = (
				B38EE4FE1B77584200D96223 /* Info.plist */,
				B38EE4FF1B77584200D96223 /* main.m */,
			);
			name = "Supporting Files";
			sourceTree = "<group>";
		};
		B38EE5161B77584200D96223 /* PanListViewTests */ = {
			isa = PBXGroup;
			children = (
				B38EE5191B77584200D96223 /* PanListViewTests.m */,
				B38EE5171B77584200D96223 /* Supporting Files */,
			);
			path = PanListViewTests;
			sourceTree = "<group>";
		};
		B38EE5171B77584200D96223 /* Supporting Files */ = {
			isa = PBXGroup;
			children = (
				B38EE5181B77584200D96223 /* Info.plist */,
			);
			name = "Supporting Files";
			sourceTree = "<group>";
		};
/* End PBXGroup section */

/* Begin PBXNativeTarget section */
		B38EE4F91B77584200D96223 /* PanListView */ = {
			isa = PBXNativeTarget;
			buildConfigurationList = B38EE51D1B77584200D96223 /* Build configuration list for PBXNativeTarget "PanListView" */;
			buildPhases = (
				B38EE4F61B77584200D96223 /* Sources */,
				B38EE4F71B77584200D96223 /* Frameworks */,
				B38EE4F81B77584200D96223 /* Resources */,
			);
			buildRules = (
			);
			dependencies = (
			);
			name = PanListView;
			productName = PanListView;
			productReference = B38EE4FA1B77584200D96223 /* PanListView.app */;
			productType = "com.apple.product-type.application";
		};
		B38EE5121B77584200D96223 /* PanListViewTests */ = {
			isa = PBXNativeTarget;
			buildConfigurationList = B38EE5201B77584200D96223 /* Build configuration list for PBXNativeTarget "PanListViewTests" */;
			buildPhases = (
				B38EE50F1B77584200D96223 /* Sources */,
				B38EE5101B77584200D96223 /* Frameworks */,
				B38EE5111B77584200D96223 /* Resources */,
			);
			buildRules = (
			);
			dependencies = (
				B38EE5151B77584200D96223 /* PBXTargetDependency */,
			);
			name = PanListViewTests;
			productName = PanListViewTests;
			productReference = B38EE5131B77584200D96223 /* PanListViewTests.xctest */;
			productType = "com.apple.product-type.bundle.unit-test";
		};
/* End PBXNativeTarget section */

/* Begin PBXProject section */
		B38EE4F21B77584100D96223 /* Project object */ = {
			isa = PBXProject;
			attributes = {
				LastUpgradeCheck = 0640;
				ORGANIZATIONNAME = Hotaru.I;
				TargetAttributes = {
					B38EE4F91B77584200D96223 = {
						CreatedOnToolsVersion = 6.4;
					};
					B38EE5121B77584200D96223 = {
						CreatedOnToolsVersion = 6.4;
						TestTargetID = B38EE4F91B77584200D96223;
					};
				};
			};
			buildConfigurationList = B38EE4F51B77584100D96223 /* Build configuration list for PBXProject "PanListView" */;
			compatibilityVersion = "Xcode 3.2";
			developmentRegion = English;
			hasScannedForEncodings = 0;
			knownRegions = (
				en,
				Base,
			);
			mainGroup = B38EE4F11B77584100D96223;
			productRefGroup = B38EE4FB1B77584200D96223 /* Products */;
			projectDirPath = "";
			projectRoot = "";
			targets = (
				B38EE4F91B77584200D96223 /* PanListView */,
				B38EE5121B77584200D96223 /* PanListViewTests */,
			);
		};
/* End PBXProject section */

/* Begin PBXResourcesBuildPhase section */
		B38EE4F81B77584200D96223 /* Resources */ = {
			isa = PBXResourcesBuildPhase;
			buildActionMask = 2147483647;
			files = (
				B38EE5091B77584200D96223 /* Main.storyboard in Resources */,
				B38EE50E1B77584200D96223 /* LaunchScreen.xib in Resources */,
				B38EE5271B778B3D00D96223 /* PanListView.xib in Resources */,
				B38EE50B1B77584200D96223 /* Images.xcassets in Resources */,
			);
			runOnlyForDeploymentPostprocessing = 0;
		};
		B38EE5111B77584200D96223 /* Resources */ = {
			isa = PBXResourcesBuildPhase;
			buildActionMask = 2147483647;
			files = (
			);
			runOnlyForDeploymentPostprocessing = 0;
		};
/* End PBXResourcesBuildPhase section */

/* Begin PBXSourcesBuildPhase section */
		B38EE4F61B77584200D96223 /* Sources */ = {
			isa = PBXSourcesBuildPhase;
			buildActionMask = 2147483647;
			files = (
				B38EE5061B77584200D96223 /* ViewController.m in Sources */,
				B38EE5031B77584200D96223 /* AppDelegate.m in Sources */,
				B38EE5251B77662E00D96223 /* PanListView.m in Sources */,
				B38EE5001B77584200D96223 /* main.m in Sources */,
			);
			runOnlyForDeploymentPostprocessing = 0;
		};
		B38EE50F1B77584200D96223 /* Sources */ = {
			isa = PBXSourcesBuildPhase;
			buildActionMask = 2147483647;
			files = (
				B38EE51A1B77584200D96223 /* PanListViewTests.m in Sources */,
			);
			runOnlyForDeploymentPostprocessing = 0;
		};
/* End PBXSourcesBuildPhase section */

/* Begin PBXTargetDependency section */
		B38EE5151B77584200D96223 /* PBXTargetDependency */ = {
			isa = PBXTargetDependency;
			target = B38EE4F91B77584200D96223 /* PanListView */;
			targetProxy = B38EE5141B77584200D96223 /* PBXContainerItemProxy */;
		};
/* End PBXTargetDependency section */

/* Begin PBXVariantGroup section */
		B38EE5071B77584200D96223 /* Main.storyboard */ = {
			isa = PBXVariantGroup;
			children = (
				B38EE5081B77584200D96223 /* Base */,
			);
			name = Main.storyboard;
			sourceTree = "<group>";
		};
		B38EE50C1B77584200D96223 /* LaunchScreen.xib */ = {
			isa = PBXVariantGroup;
			children = (
				B38EE50D1B77584200D96223 /* Base */,
			);
			name = LaunchScreen.xib;
			sourceTree = "<group>";
		};
/* End PBXVariantGroup section */

/* Begin XCBuildConfiguration section */
		B38EE51B1B77584200D96223 /* Debug */ = {
			isa = XCBuildConfiguration;
			buildSettings = {
				ALWAYS_SEARCH_USER_PATHS = NO;
				CLANG_CXX_LANGUAGE_STANDARD = "gnu++0x";
				CLANG_CXX_LIBRARY = "libc++";
				CLANG_ENABLE_MODULES = YES;
				CLANG_ENABLE_OBJC_ARC = YES;
				CLANG_WARN_BOOL_CONVERSION = YES;
				CLANG_WARN_CONSTANT_CONVERSION = YES;
				CLANG_WARN_DIRECT_OBJC_ISA_USAGE = YES_ERROR;
				CLANG_WARN_EMPTY_BODY = YES;
				CLANG_WARN_ENUM_CONVERSION = YES;
				CLANG_WARN_INT_CONVERSION = YES;
				CLANG_WARN_OBJC_ROOT_CLASS = YES_ERROR;
				CLANG_WARN_UNREACHABLE_CODE = YES;
				CLANG_WARN__DUPLICATE_METHOD_MATCH = YES;
				"CODE_SIGN_IDENTITY[sdk=iphoneos*]" = "iPhone Developer";
				COPY_PHASE_STRIP = NO;
				DEBUG_INFORMATION_FORMAT = "dwarf-with-dsym";
				ENABLE_STRICT_OBJC_MSGSEND = YES;
				GCC_C_LANGUAGE_STANDARD = gnu99;
				GCC_DYNAMIC_NO_PIC = NO;
				GCC_NO_COMMON_BLOCKS = YES;
				GCC_OPTIMIZATION_LEVEL = 0;
				GCC_PREPROCESSOR_DEFINITIONS = (
					"DEBUG=1",
					"$(inherited)",
				);
				GCC_SYMBOLS_PRIVATE_EXTERN = NO;
				GCC_WARN_64_TO_32_BIT_CONVERSION = YES;
				GCC_WARN_ABOUT_RETURN_TYPE = YES_ERROR;
				GCC_WARN_UNDECLARED_SELECTOR = YES;
				GCC_WARN_UNINITIALIZED_AUTOS = YES_AGGRESSIVE;
				GCC_WARN_UNUSED_FUNCTION = YES;
				GCC_WARN_UNUSED_VARIABLE = YES;
				IPHONEOS_DEPLOYMENT_TARGET = 8.4;
				MTL_ENABLE_DEBUG_INFO = YES;
				ONLY_ACTIVE_ARCH = YES;
				SDKROOT = iphoneos;
			};
			name = Debug;
		};
		B38EE51C1B77584200D96223 /* Release */ = {
			isa = XCBuildConfiguration;
			buildSettings = {
				ALWAYS_SEARCH_USER_PATHS = NO;
				CLANG_CXX_LANGUAGE_STANDARD = "gnu++0x";
				CLANG_CXX_LIBRARY = "libc++";
				CLANG_ENABLE_MODULES = YES;
				CLANG_ENABLE_OBJC_ARC = YES;
				CLANG_WARN_BOOL_CONVERSION = YES;
				CLANG_WARN_CONSTANT_CONVERSION = YES;
				CLANG_WARN_DIRECT_OBJC_ISA_USAGE = YES_ERROR;
				CLANG_WARN_EMPTY_BODY = YES;
				CLANG_WARN_ENUM_CONVERSION = YES;
				CLANG_WARN_INT_CONVERSION = YES;
				CLANG_WARN_OBJC_ROOT_CLASS = YES_ERROR;
				CLANG_WARN_UNREACHABLE_CODE = YES;
				CLANG_WARN__DUPLICATE_METHOD_MATCH = YES;
				"CODE_SIGN_IDENTITY[sdk=iphoneos*]" = "iPhone Developer";
				COPY_PHASE_STRIP = NO;
				DEBUG_INFORMATION_FORMAT = "dwarf-with-dsym";
				ENABLE_NS_ASSERTIONS = NO;
				ENABLE_STRICT_OBJC_MSGSEND = YES;
				GCC_C_LANGUAGE_STANDARD = gnu99;
				GCC_NO_COMMON_BLOCKS = YES;
				GCC_WARN_64_TO_32_BIT_CONVERSION = YES;
				GCC_WARN_ABOUT_RETURN_TYPE = YES_ERROR;
				GCC_WARN_UNDECLARED_SELECTOR = YES;
				GCC_WARN_UNINITIALIZED_AUTOS = YES_AGGRESSIVE;
				GCC_WARN_UNUSED_FUNCTION = YES;
				GCC_WARN_UNUSED_VARIABLE = YES;
				IPHONEOS_DEPLOYMENT_TARGET = 8.4;
				MTL_ENABLE_DEBUG_INFO = NO;
				SDKROOT = iphoneos;
				VALIDATE_PRODUCT = YES;
			};
			name = Release;
		};
		B38EE51E1B77584200D96223 /* Debug */ = {
			isa = XCBuildConfiguration;
			buildSettings = {
				ASSETCATALOG_COMPILER_APPICON_NAME = AppIcon;
				INFOPLIST_FILE = PanListView/Info.plist;
				IPHONEOS_DEPLOYMENT_TARGET = 7.0;
				LD_RUNPATH_SEARCH_PATHS = "$(inherited) @executable_path/Frameworks";
				PRODUCT_NAME = "$(TARGET_NAME)";
			};
			name = Debug;
		};
		B38EE51F1B77584200D96223 /* Release */ = {
			isa = XCBuildConfiguration;
			buildSettings = {
				ASSETCATALOG_COMPILER_APPICON_NAME = AppIcon;
				INFOPLIST_FILE = PanListView/Info.plist;
				IPHONEOS_DEPLOYMENT_TARGET = 7.0;
				LD_RUNPATH_SEARCH_PATHS = "$(inherited) @executable_path/Frameworks";
				PRODUCT_NAME = "$(TARGET_NAME)";
			};
			name = Release;
		};
		B38EE5211B77584200D96223 /* Debug */ = {
			isa = XCBuildConfiguration;
			buildSettings = {
				BUNDLE_LOADER = "$(TEST_HOST)";
				FRAMEWORK_SEARCH_PATHS = (
					"$(SDKROOT)/Developer/Library/Frameworks",
					"$(inherited)",
				);
				GCC_PREPROCESSOR_DEFINITIONS = (
					"DEBUG=1",
					"$(inherited)",
				);
				INFOPLIST_FILE = PanListViewTests/Info.plist;
				LD_RUNPATH_SEARCH_PATHS = "$(inherited) @executable_path/Frameworks @loader_path/Frameworks";
				PRODUCT_NAME = "$(TARGET_NAME)";
				TEST_HOST = "$(BUILT_PRODUCTS_DIR)/PanListView.app/PanListView";
			};
			name = Debug;
		};
		B38EE5221B77584200D96223 /* Release */ = {
			isa = XCBuildConfiguration;
			buildSettings = {
				BUNDLE_LOADER = "$(TEST_HOST)";
				FRAMEWORK_SEARCH_PATHS = (
					"$(SDKROOT)/Developer/Library/Frameworks",
					"$(inherited)",
				);
				INFOPLIST_FILE = PanListViewTests/Info.plist;
				LD_RUNPATH_SEARCH_PATHS = "$(inherited) @executable_path/Frameworks @loader_path/Frameworks";
				PRODUCT_NAME = "$(TARGET_NAME)";
				TEST_HOST = "$(BUILT_PRODUCTS_DIR)/PanListView.app/PanListView";
			};
			name = Release;
		};
/* End XCBuildConfiguration section */

/* Begin XCConfigurationList section */
		B38EE4F51B77584100D96223 /* Build configuration list for PBXProject "PanListView" */ = {
			isa = XCConfigurationList;
			buildConfigurations = (
				B38EE51B1B77584200D96223 /* Debug */,
				B38EE51C1B77584200D96223 /* Release */,
			);
			defaultConfigurationIsVisible = 0;
			defaultConfigurationName = Release;
		};
		B38EE51D1B77584200D96223 /* Build configuration list for PBXNativeTarget "PanListView" */ = {
			isa = XCConfigurationList;
			buildConfigurations = (
				B38EE51E1B77584200D96223 /* Debug */,
				B38EE51F1B77584200D96223 /* Release */,
			);
			defaultConfigurationIsVisible = 0;
			defaultConfigurationName = Release;
		};
		B38EE5201B77584200D96223 /* Build configuration list for PBXNativeTarget "PanListViewTests" */ = {
			isa = XCConfigurationList;
			buildConfigurations = (
				B38EE5211B77584200D96223 /* Debug */,
				B38EE5221B77584200D96223 /* Release */,
			);
			defaultConfigurationIsVisible = 0;
			defaultConfigurationName = Release;
		};
/* End XCConfigurationList section */
	};
	rootObject = B38EE4F21B77584100D96223 /* Project object */;
}
